
Microsoft Visual Studio Solution File, Format Version 12.00
Project("{FAE04EC0-301F-11D3-BF4B-00C04F79EFBC}") = "Necromancers.WEB", "Necromancers.WEB\Necromancers.WEB.csproj", "{034EA775-6825-41AB-8114-CE649352D98B}"
EndProject
Global
	GlobalSection(SolutionConfigurationPlatforms) = preSolution
		Debug|Any CPU = Debug|Any CPU
		Release|Any CPU = Release|Any CPU
	EndGlobalSection
	GlobalSection(ProjectConfigurationPlatforms) = postSolution
		{034EA775-6825-41AB-8114-CE649352D98B}.Debug|Any CPU.ActiveCfg = Debug|Any CPU
		{034EA775-6825-41AB-8114-CE649352D98B}.Debug|Any CPU.Build.0 = Debug|Any CPU
		{034EA775-6825-41AB-8114-CE649352D98B}.Release|Any CPU.ActiveCfg = Release|Any CPU
		{034EA775-6825-41AB-8114-CE649352D98B}.Release|Any CPU.Build.0 = Release|Any CPU
	EndGlobalSection
EndGlobal
